{
  "name": "design-system-icons",
  "version": "2.0.0",
  "lockfileVersion": 2,
  "requires": true,
  "packages": {
    "": {
      "name": "design-system-icons",
      "version": "2.0.0",
      "license": "MIT",
      "devDependencies": {
        "design-system-css": "github:SDFIdk/design-system-css"
      }
    },
    "node_modules/design-system-css": {
      "version": "1.1.0",
      "resolved": "git+ssh://git@github.com/SDFIdk/design-system-css.git#7eb6534c0b552d4ee7b156b1b41e94cb1854d1e4",
      "dev": true,
      "license": "MIT"
    }
  },
  "dependencies": {
    "design-system-css": {
      "version": "git+ssh://git@github.com/SDFIdk/design-system-css.git#7eb6534c0b552d4ee7b156b1b41e94cb1854d1e4",
      "dev": true,
      "from": "design-system-css@github:SDFIdk/design-system-css"
    }
  }
}
