{
  "name": "design-system-icons",
  "version": "0.1.0",
  "lockfileVersion": 2,
  "requires": true,
  "packages": {
    "": {
      "name": "design-system-icons",
      "version": "0.1.0",
      "hasInstallScript": true,
      "license": "ISC",
      "dependencies": {
        "design-system-css": "github:SDFIdk/design-system-css"
      }
    },
    "node_modules/design-system-css": {
      "version": "0.1.0",
      "resolved": "git+ssh://git@github.com/SDFIdk/design-system-css.git#9b15251685ce64c55cf5ae9f0338eb54ae3c44bf",
      "license": "MIT"
    }
  },
  "dependencies": {
    "design-system-css": {
      "version": "git+ssh://git@github.com/SDFIdk/design-system-css.git#9b15251685ce64c55cf5ae9f0338eb54ae3c44bf",
      "from": "design-system-css@github:SDFIdk/design-system-css"
    }
  }
}
