{
  "name": "@dataforsyningen/icons",
  "version": "0.1.0",
  "lockfileVersion": 2,
  "requires": true,
  "packages": {
    "": {
      "name": "@dataforsyningen/icons",
      "version": "0.1.0",
      "license": "MIT",
      "devDependencies": {
        "design-system-css": "github:SDFIdk/design-system-css"
      }
    },
    "node_modules/design-system-css": {
      "version": "2.0.0",
      "resolved": "git+ssh://git@github.com/SDFIdk/design-system-css.git#1f8dc40b09e5676b93e873100698ff5aceb92e6a",
      "dev": true,
      "license": "MIT"
    }
  },
  "dependencies": {
    "design-system-css": {
      "version": "git+ssh://git@github.com/SDFIdk/design-system-css.git#1f8dc40b09e5676b93e873100698ff5aceb92e6a",
      "dev": true,
      "from": "design-system-css@github:SDFIdk/design-system-css"
    }
  }
}
